
Microsoft Visual Studio Solution File, Format Version 12.00
# Visual Studio Version 17
VisualStudioVersion = 17.14.36623.8
MinimumVisualStudioVersion = 10.0.40219.1
Project("{FAE04EC0-301F-11D3-BF4B-00C04F79EFBC}") = "pod-app", "pod-app\pod-app.csproj", "{BB517596-56DB-461D-99F6-02AC16EAD10A}"
EndProject
Project("{FAE04EC0-301F-11D3-BF4B-00C04F79EFBC}") = "UnitTests", "UnitTests\UnitTests.csproj", "{0CED9252-92F0-406A-9EAC-0694FA86C5F4}"
EndProject
Global
	GlobalSection(SolutionConfigurationPlatforms) = preSolution
		Debug|Any CPU = Debug|Any CPU
		Release|Any CPU = Release|Any CPU
	EndGlobalSection
	GlobalSection(ProjectConfigurationPlatforms) = postSolution
		{BB517596-56DB-461D-99F6-02AC16EAD10A}.Debug|Any CPU.ActiveCfg = Debug|Any CPU
		{BB517596-56DB-461D-99F6-02AC16EAD10A}.Debug|Any CPU.Build.0 = Debug|Any CPU
		{BB517596-56DB-461D-99F6-02AC16EAD10A}.Release|Any CPU.ActiveCfg = Release|Any CPU
		{BB517596-56DB-461D-99F6-02AC16EAD10A}.Release|Any CPU.Build.0 = Release|Any CPU
		{0CED9252-92F0-406A-9EAC-0694FA86C5F4}.Debug|Any CPU.ActiveCfg = Debug|Any CPU
		{0CED9252-92F0-406A-9EAC-0694FA86C5F4}.Debug|Any CPU.Build.0 = Debug|Any CPU
		{0CED9252-92F0-406A-9EAC-0694FA86C5F4}.Release|Any CPU.ActiveCfg = Release|Any CPU
		{0CED9252-92F0-406A-9EAC-0694FA86C5F4}.Release|Any CPU.Build.0 = Release|Any CPU
	EndGlobalSection
	GlobalSection(SolutionProperties) = preSolution
		HideSolutionNode = FALSE
	EndGlobalSection
	GlobalSection(ExtensibilityGlobals) = postSolution
		SolutionGuid = {80CA1B90-7D0E-4C8F-AB77-D30E9F02D46B}
	EndGlobalSection
EndGlobal
